
Microsoft Visual Studio Solution File, Format Version 12.00
# Visual Studio 15
VisualStudioVersion = 15.0.28307.421
MinimumVisualStudioVersion = 10.0.40219.1
Project("{FAE04EC0-301F-11D3-BF4B-00C04F79EFBC}") = "MVCPractice", "MVCPractice\MVCPractice.csproj", "{34B77D7B-1FBD-4599-965E-FED445AF0681}"
EndProject
Global
	GlobalSection(SolutionConfigurationPlatforms) = preSolution
		Debug|Any CPU = Debug|Any CPU
		Release|Any CPU = Release|Any CPU
	EndGlobalSection
	GlobalSection(ProjectConfigurationPlatforms) = postSolution
		{34B77D7B-1FBD-4599-965E-FED445AF0681}.Debug|Any CPU.ActiveCfg = Debug|Any CPU
		{34B77D7B-1FBD-4599-965E-FED445AF0681}.Debug|Any CPU.Build.0 = Debug|Any CPU
		{34B77D7B-1FBD-4599-965E-FED445AF0681}.Release|Any CPU.ActiveCfg = Release|Any CPU
		{34B77D7B-1FBD-4599-965E-FED445AF0681}.Release|Any CPU.Build.0 = Release|Any CPU
	EndGlobalSection
	GlobalSection(SolutionProperties) = preSolution
		HideSolutionNode = FALSE
	EndGlobalSection
	GlobalSection(ExtensibilityGlobals) = postSolution
		SolutionGuid = {CADA822E-6283-4AC0-B7A7-B3D621117EF3}
	EndGlobalSection
EndGlobal
